{
    "_readme": [
        "This file locks the dependencies of your project to a known state",
        "Read more about it at https://getcomposer.org/doc/01-basic-usage.md#composer-lock-the-lock-file",
        "This file is @generated automatically"
    ],
    "hash": "bb4dda718cd6606b56cb2d5b1dab10f1",
    "content-hash": "1695f9e86bb831b67cb331a10602303a",
    "packages": [
        {
            "name": "mhndev/event",
            "version": "1.0.0",
            "source": {
                "type": "git",
                "url": "https://github.com/mhndev/event.git",
                "reference": "799c2027cd31e14bb2b31b938e1c87849b5a4ef9"
            },
            "dist": {
                "type": "zip",
                "url": "https://api.github.com/repos/mhndev/event/zipball/799c2027cd31e14bb2b31b938e1c87849b5a4ef9",
                "reference": "799c2027cd31e14bb2b31b938e1c87849b5a4ef9",
                "shasum": ""
            },
            "require": {
                "php": ">=5.3.9"
            },
            "type": "library",
            "autoload": {
                "psr-4": {
                    "mhndev\\event\\": "src/"
                }
            },
            "notification-url": "https://packagist.org/downloads/",
            "license": [
                "MIT"
            ],
            "keywords": [
                "bind event",
                "event",
                "event based",
                "event oriented",
                "php",
                "php event",
                "trigger event"
            ],
            "time": "2016-07-09 20:15:19"
        },
        {
            "name": "mongodb/mongodb",
            "version": "1.0.3",
            "source": {
                "type": "git",
                "url": "https://github.com/mongodb/mongo-php-library.git",
                "reference": "3c742f3ceffc4dc67fee02dc6ebfc2e7cb403b7c"
            },
            "dist": {
                "type": "zip",
                "url": "https://api.github.com/repos/mongodb/mongo-php-library/zipball/3c742f3ceffc4dc67fee02dc6ebfc2e7cb403b7c",
                "reference": "3c742f3ceffc4dc67fee02dc6ebfc2e7cb403b7c",
                "shasum": ""
            },
            "require": {
                "ext-mongodb": "^1.1.0",
                "php": ">=5.4"
            },
            "type": "library",
            "autoload": {
                "psr-4": {
                    "MongoDB\\": "src/"
                },
                "files": [
                    "src/functions.php"
                ]
            },
            "notification-url": "https://packagist.org/downloads/",
            "license": [
                "Apache-2.0"
            ],
            "authors": [
                {
                    "name": "Jeremy Mikola",
                    "email": "jmikola@gmail.com"
                },
                {
                    "name": "Hannes Magnusson",
                    "email": "bjori@mongodb.com"
                },
                {
                    "name": "Derick Rethans",
                    "email": "github@derickrethans.nl"
                }
            ],
            "description": "MongoDB driver library",
            "homepage": "https://jira.mongodb.org/browse/PHPLIB",
            "keywords": [
                "database",
                "driver",
                "mongodb",
                "persistence"
            ],
            "time": "2016-09-23 19:38:29"
        },
        {
            "name": "poirot/std",
            "version": "dev-devel",
            "target-dir": "Poirot/Std",
            "source": {
                "type": "git",
                "url": "https://github.com/phPoirot/Std.git",
                "reference": "a706c68496011d8323bbb52b958aa447cc1bbf54"
            },
            "dist": {
                "type": "zip",
                "url": "https://api.github.com/repos/phPoirot/Std/zipball/a706c68496011d8323bbb52b958aa447cc1bbf54",
                "reference": "a706c68496011d8323bbb52b958aa447cc1bbf54",
                "shasum": ""
            },
            "require": {
                "php": ">=5.3.0"
            },
            "type": "library",
            "autoload": {
                "psr-0": {
                    "Poirot\\Std": "."
                },
                "files": [
                    "_functions.php"
                ]
            },
            "notification-url": "https://packagist.org/downloads/",
            "authors": [
                {
                    "name": "Payam Naderi",
                    "email": "naderi.payam@gmail.com",
                    "role": "Developer"
                }
            ],
            "description": "Poirot Standard Libraries and Base Functionality.",
            "time": "2016-11-02 15:39:08"
        }
    ],
    "packages-dev": [
        {
            "name": "raveren/kint",
            "version": "1.0.10",
            "source": {
                "type": "git",
                "url": "https://github.com/raveren/kint.git",
                "reference": "c8423b9928bd35bf6ad14c688ab9c6d17d97d0eb"
            },
            "dist": {
                "type": "zip",
                "url": "https://api.github.com/repos/raveren/kint/zipball/c8423b9928bd35bf6ad14c688ab9c6d17d97d0eb",
                "reference": "c8423b9928bd35bf6ad14c688ab9c6d17d97d0eb",
                "shasum": ""
            },
            "require": {
                "php": ">=5.1.0"
            },
            "type": "library",
            "extra": {
                "branch-alias": {
                    "dev-master": "1.0.x-dev"
                }
            },
            "autoload": {
                "files": [
                    "Kint.class.php"
                ]
            },
            "notification-url": "https://packagist.org/downloads/",
            "license": [
                "MIT"
            ],
            "authors": [
                {
                    "name": "Rokas Šleinius",
                    "homepage": "https://github.com/raveren"
                },
                {
                    "name": "Contributors",
                    "homepage": "https://github.com/raveren/kint/contributors"
                }
            ],
            "description": "Kint - debugging helper for PHP developers",
            "homepage": "https://github.com/raveren/kint",
            "keywords": [
                "debug",
                "kint",
                "php"
            ],
            "time": "2015-09-16 14:09:00"
        }
    ],
    "aliases": [],
    "minimum-stability": "stable",
    "stability-flags": {
        "poirot/std": 20
    },
    "prefer-stable": false,
    "prefer-lowest": false,
    "platform": {
        "php": ">=5.4.0"
    },
    "platform-dev": []
}
